// !$*UTF8*$!
{
	archiveVersion = 1;
	classes = {
	};
	objectVersion = 46;
	objects = {

/* Begin PBXBuildFile section */
		8E0C6FE91DFB2BBF00704F47 /* iOSDevCenters+GIF.swift in Sources */ = {isa = PBXBuildFile; fileRef = 8E0C6FE81DFB2BBF00704F47 /* iOSDevCenters+GIF.swift */; };
		8E0C6FEC1DFB2C4B00704F47 /* funny.gif in Resources */ = {isa = PBXBuildFile; fileRef = 8E0C6FEA1DFB2C4B00704F47 /* funny.gif */; };
		8E0C6FED1DFB2C4B00704F47 /* play.gif in Resources */ = {isa = PBXBuildFile; fileRef = 8E0C6FEB1DFB2C4B00704F47 /* play.gif */; };
		8E0C6FF21DFB2D5600704F47 /* Single-chip-coming.gif in Resources */ = {isa = PBXBuildFile; fileRef = 8E0C6FEE1DFB2D5600704F47 /* Single-chip-coming.gif */; };
		8E0C6FF31DFB2D5600704F47 /* Single-chip-going.gif in Resources */ = {isa = PBXBuildFile; fileRef = 8E0C6FEF1DFB2D5600704F47 /* Single-chip-going.gif */; };
		8E0C6FF41DFB2D5600704F47 /* Single-coin-coming.gif in Resources */ = {isa = PBXBuildFile; fileRef = 8E0C6FF01DFB2D5600704F47 /* Single-coin-coming.gif */; };
		8E0C6FF51DFB2D5600704F47 /* single-coin-going.gif in Resources */ = {isa = PBXBuildFile; fileRef = 8E0C6FF11DFB2D5600704F47 /* single-coin-going.gif */; };
		8E0C6FF71DFB2F6D00704F47 /* Giff.gif in Resources */ = {isa = PBXBuildFile; fileRef = 8E0C6FF61DFB2F6D00704F47 /* Giff.gif */; };
		8E146C821E031B7C0074DF46 /* test-19.gif in Resources */ = {isa = PBXBuildFile; fileRef = 8E146C801E031B7C0074DF46 /* test-19.gif */; };
		8E146C831E031B7C0074DF46 /* Test-20.gif in Resources */ = {isa = PBXBuildFile; fileRef = 8E146C811E031B7C0074DF46 /* Test-20.gif */; };
		8E24D2601E00B85A0053C295 /* Test-10.gif in Resources */ = {isa = PBXBuildFile; fileRef = 8E24D25F1E00B85A0053C295 /* Test-10.gif */; };
		8E24D2621E00BA3B0053C295 /* Test-11.gif in Resources */ = {isa = PBXBuildFile; fileRef = 8E24D2611E00BA3B0053C295 /* Test-11.gif */; };
		8E24D2641E00BC720053C295 /* Test-12.gif in Resources */ = {isa = PBXBuildFile; fileRef = 8E24D2631E00BC720053C295 /* Test-12.gif */; };
		8E24D2661E00C0ED0053C295 /* Test-13.gif in Resources */ = {isa = PBXBuildFile; fileRef = 8E24D2651E00C0ED0053C295 /* Test-13.gif */; };
		8E24D2681E00C6CB0053C295 /* Test-14.gif in Resources */ = {isa = PBXBuildFile; fileRef = 8E24D2671E00C6CB0053C295 /* Test-14.gif */; };
		8E24D26A1E00C9660053C295 /* Test_Coin1.gif in Resources */ = {isa = PBXBuildFile; fileRef = 8E24D2691E00C9660053C295 /* Test_Coin1.gif */; };
		8E24D26C1E00CCC30053C295 /* Test_Coin2.gif in Resources */ = {isa = PBXBuildFile; fileRef = 8E24D26B1E00CCC30053C295 /* Test_Coin2.gif */; };
		8E24D26E1E00D9C80053C295 /* Box.png in Resources */ = {isa = PBXBuildFile; fileRef = 8E24D26D1E00D9C80053C295 /* Box.png */; };
		8E24D2701E00DC8D0053C295 /* Box-1.png in Resources */ = {isa = PBXBuildFile; fileRef = 8E24D26F1E00DC8D0053C295 /* Box-1.png */; };
		8E24D2721E00E0680053C295 /* Test-17.gif in Resources */ = {isa = PBXBuildFile; fileRef = 8E24D2711E00E0680053C295 /* Test-17.gif */; };
		8E24D2741E00E9720053C295 /* Test-18.gif in Resources */ = {isa = PBXBuildFile; fileRef = 8E24D2731E00E9720053C295 /* Test-18.gif */; };
		8E2D2F241DFF810A007B4E25 /* test.gif in Resources */ = {isa = PBXBuildFile; fileRef = 8E2D2F231DFF810A007B4E25 /* test.gif */; };
		8E2D2F261DFF8493007B4E25 /* testCoin.png in Resources */ = {isa = PBXBuildFile; fileRef = 8E2D2F251DFF8493007B4E25 /* testCoin.png */; };
		8E4AB4A91E15CA0000452393 /* Test-1.gif in Resources */ = {isa = PBXBuildFile; fileRef = 8E4AB4A81E15CA0000452393 /* Test-1.gif */; };
		8E97C2D81DE38ECC0024B926 /* AppDelegate.swift in Sources */ = {isa = PBXBuildFile; fileRef = 8E97C2D71DE38ECC0024B926 /* AppDelegate.swift */; };
		8E97C2DA1DE38ECC0024B926 /* ViewController.swift in Sources */ = {isa = PBXBuildFile; fileRef = 8E97C2D91DE38ECC0024B926 /* ViewController.swift */; };
		8E97C2DD1DE38ECC0024B926 /* Main.storyboard in Resources */ = {isa = PBXBuildFile; fileRef = 8E97C2DB1DE38ECC0024B926 /* Main.storyboard */; };
		8E97C2DF1DE38ECC0024B926 /* Assets.xcassets in Resources */ = {isa = PBXBuildFile; fileRef = 8E97C2DE1DE38ECC0024B926 /* Assets.xcassets */; };
		8EC8B1651DE51A8300CC2E33 /* person.png in Resources */ = {isa = PBXBuildFile; fileRef = 8EC8B1641DE51A8300CC2E33 /* person.png */; };
		8EC8B1671DE5308D00CC2E33 /* person_Deselect.png in Resources */ = {isa = PBXBuildFile; fileRef = 8EC8B1661DE5308D00CC2E33 /* person_Deselect.png */; };
		8EFEFCFF1E08793A002EF391 /* drum01.mp3 in Resources */ = {isa = PBXBuildFile; fileRef = 8EFEFCFE1E08793A002EF391 /* drum01.mp3 */; };
		8EFEFD031E087C12002EF391 /* music.mp3 in Resources */ = {isa = PBXBuildFile; fileRef = 8EFEFD021E087C12002EF391 /* music.mp3 */; };
/* End PBXBuildFile section */

/* Begin PBXFileReference section */
		8E0C6FE81DFB2BBF00704F47 /* iOSDevCenters+GIF.swift */ = {isa = PBXFileReference; fileEncoding = 4; lastKnownFileType = sourcecode.swift; path = "iOSDevCenters+GIF.swift"; sourceTree = "<group>"; };
		8E0C6FEA1DFB2C4B00704F47 /* funny.gif */ = {isa = PBXFileReference; lastKnownFileType = image.gif; path = funny.gif; sourceTree = "<group>"; };
		8E0C6FEB1DFB2C4B00704F47 /* play.gif */ = {isa = PBXFileReference; lastKnownFileType = image.gif; path = play.gif; sourceTree = "<group>"; };
		8E0C6FEE1DFB2D5600704F47 /* Single-chip-coming.gif */ = {isa = PBXFileReference; lastKnownFileType = image.gif; path = "Single-chip-coming.gif"; sourceTree = "<group>"; };
		8E0C6FEF1DFB2D5600704F47 /* Single-chip-going.gif */ = {isa = PBXFileReference; lastKnownFileType = image.gif; path = "Single-chip-going.gif"; sourceTree = "<group>"; };
		8E0C6FF01DFB2D5600704F47 /* Single-coin-coming.gif */ = {isa = PBXFileReference; lastKnownFileType = image.gif; path = "Single-coin-coming.gif"; sourceTree = "<group>"; };
		8E0C6FF11DFB2D5600704F47 /* single-coin-going.gif */ = {isa = PBXFileReference; lastKnownFileType = image.gif; path = "single-coin-going.gif"; sourceTree = "<group>"; };
		8E0C6FF61DFB2F6D00704F47 /* Giff.gif */ = {isa = PBXFileReference; lastKnownFileType = image.gif; path = Giff.gif; sourceTree = "<group>"; };
		8E146C801E031B7C0074DF46 /* test-19.gif */ = {isa = PBXFileReference; lastKnownFileType = image.gif; path = "test-19.gif"; sourceTree = "<group>"; };
		8E146C811E031B7C0074DF46 /* Test-20.gif */ = {isa = PBXFileReference; lastKnownFileType = image.gif; path = "Test-20.gif"; sourceTree = "<group>"; };
		8E24D25F1E00B85A0053C295 /* Test-10.gif */ = {isa = PBXFileReference; lastKnownFileType = image.gif; path = "Test-10.gif"; sourceTree = "<group>"; };
		8E24D2611E00BA3B0053C295 /* Test-11.gif */ = {isa = PBXFileReference; lastKnownFileType = image.gif; path = "Test-11.gif"; sourceTree = "<group>"; };
		8E24D2631E00BC720053C295 /* Test-12.gif */ = {isa = PBXFileReference; lastKnownFileType = image.gif; path = "Test-12.gif"; sourceTree = "<group>"; };
		8E24D2651E00C0ED0053C295 /* Test-13.gif */ = {isa = PBXFileReference; lastKnownFileType = image.gif; path = "Test-13.gif"; sourceTree = "<group>"; };
		8E24D2671E00C6CB0053C295 /* Test-14.gif */ = {isa = PBXFileReference; lastKnownFileType = image.gif; path = "Test-14.gif"; sourceTree = "<group>"; };
		8E24D2691E00C9660053C295 /* Test_Coin1.gif */ = {isa = PBXFileReference; lastKnownFileType = image.gif; path = Test_Coin1.gif; sourceTree = "<group>"; };
		8E24D26B1E00CCC30053C295 /* Test_Coin2.gif */ = {isa = PBXFileReference; lastKnownFileType = image.gif; path = Test_Coin2.gif; sourceTree = "<group>"; };
		8E24D26D1E00D9C80053C295 /* Box.png */ = {isa = PBXFileReference; lastKnownFileType = image.png; path = Box.png; sourceTree = "<group>"; };
		8E24D26F1E00DC8D0053C295 /* Box-1.png */ = {isa = PBXFileReference; lastKnownFileType = image.png; path = "Box-1.png"; sourceTree = "<group>"; };
		8E24D2711E00E0680053C295 /* Test-17.gif */ = {isa = PBXFileReference; lastKnownFileType = image.gif; path = "Test-17.gif"; sourceTree = "<group>"; };
		8E24D2731E00E9720053C295 /* Test-18.gif */ = {isa = PBXFileReference; lastKnownFileType = image.gif; path = "Test-18.gif"; sourceTree = "<group>"; };
		8E2D2F231DFF810A007B4E25 /* test.gif */ = {isa = PBXFileReference; lastKnownFileType = image.gif; path = test.gif; sourceTree = "<group>"; };
		8E2D2F251DFF8493007B4E25 /* testCoin.png */ = {isa = PBXFileReference; lastKnownFileType = image.png; path = testCoin.png; sourceTree = "<group>"; };
		8E4AB4A81E15CA0000452393 /* Test-1.gif */ = {isa = PBXFileReference; lastKnownFileType = image.gif; path = "Test-1.gif"; sourceTree = "<group>"; };
		8E97C2D41DE38ECC0024B926 /* AnimationSwift.app */ = {isa = PBXFileReference; explicitFileType = wrapper.application; includeInIndex = 0; path = AnimationSwift.app; sourceTree = BUILT_PRODUCTS_DIR; };
		8E97C2D71DE38ECC0024B926 /* AppDelegate.swift */ = {isa = PBXFileReference; lastKnownFileType = sourcecode.swift; path = AppDelegate.swift; sourceTree = "<group>"; };
		8E97C2D91DE38ECC0024B926 /* ViewController.swift */ = {isa = PBXFileReference; lastKnownFileType = sourcecode.swift; path = ViewController.swift; sourceTree = "<group>"; };
		8E97C2DC1DE38ECC0024B926 /* Base */ = {isa = PBXFileReference; lastKnownFileType = file.storyboard; name = Base; path = Base.lproj/Main.storyboard; sourceTree = "<group>"; };
		8E97C2DE1DE38ECC0024B926 /* Assets.xcassets */ = {isa = PBXFileReference; lastKnownFileType = folder.assetcatalog; path = Assets.xcassets; sourceTree = "<group>"; };
		8E97C2E31DE38ECC0024B926 /* Info.plist */ = {isa = PBXFileReference; lastKnownFileType = text.plist.xml; path = Info.plist; sourceTree = "<group>"; };
		8EC8B1641DE51A8300CC2E33 /* person.png */ = {isa = PBXFileReference; lastKnownFileType = image.png; path = person.png; sourceTree = "<group>"; };
		8EC8B1661DE5308D00CC2E33 /* person_Deselect.png */ = {isa = PBXFileReference; lastKnownFileType = image.png; path = person_Deselect.png; sourceTree = "<group>"; };
		8EFEFCFE1E08793A002EF391 /* drum01.mp3 */ = {isa = PBXFileReference; lastKnownFileType = audio.mp3; path = drum01.mp3; sourceTree = "<group>"; };
		8EFEFD021E087C12002EF391 /* music.mp3 */ = {isa = PBXFileReference; lastKnownFileType = audio.mp3; path = music.mp3; sourceTree = "<group>"; };
/* End PBXFileReference section */

/* Begin PBXFrameworksBuildPhase section */
		8E97C2D11DE38ECC0024B926 /* Frameworks */ = {
			isa = PBXFrameworksBuildPhase;
			buildActionMask = 2147483647;
			files = (
			);
			runOnlyForDeploymentPostprocessing = 0;
		};
/* End PBXFrameworksBuildPhase section */

/* Begin PBXGroup section */
		8E97C2CB1DE38ECC0024B926 = {
			isa = PBXGroup;
			children = (
				8E97C2D61DE38ECC0024B926 /* AnimationSwift */,
				8E97C2D51DE38ECC0024B926 /* Products */,
			);
			sourceTree = "<group>";
		};
		8E97C2D51DE38ECC0024B926 /* Products */ = {
			isa = PBXGroup;
			children = (
				8E97C2D41DE38ECC0024B926 /* AnimationSwift.app */,
			);
			name = Products;
			sourceTree = "<group>";
		};
		8E97C2D61DE38ECC0024B926 /* AnimationSwift */ = {
			isa = PBXGroup;
			children = (
				8EC8B1631DE51A7300CC2E33 /* Images */,
				8E97C2D71DE38ECC0024B926 /* AppDelegate.swift */,
				8E97C2D91DE38ECC0024B926 /* ViewController.swift */,
				8EFEFD021E087C12002EF391 /* music.mp3 */,
				8EFEFCFE1E08793A002EF391 /* drum01.mp3 */,
				8E4AB4A81E15CA0000452393 /* Test-1.gif */,
				8E0C6FE81DFB2BBF00704F47 /* iOSDevCenters+GIF.swift */,
				8E97C2DB1DE38ECC0024B926 /* Main.storyboard */,
				8E97C2DE1DE38ECC0024B926 /* Assets.xcassets */,
				8E97C2E31DE38ECC0024B926 /* Info.plist */,
			);
			path = AnimationSwift;
			sourceTree = "<group>";
		};
		8EC8B1631DE51A7300CC2E33 /* Images */ = {
			isa = PBXGroup;
			children = (
				8E146C801E031B7C0074DF46 /* test-19.gif */,
				8E146C811E031B7C0074DF46 /* Test-20.gif */,
				8E24D26D1E00D9C80053C295 /* Box.png */,
				8E24D26F1E00DC8D0053C295 /* Box-1.png */,
				8E2D2F251DFF8493007B4E25 /* testCoin.png */,
				8E0C6FEA1DFB2C4B00704F47 /* funny.gif */,
				8E0C6FEB1DFB2C4B00704F47 /* play.gif */,
				8EC8B1641DE51A8300CC2E33 /* person.png */,
				8EC8B1661DE5308D00CC2E33 /* person_Deselect.png */,
				8E0C6FEE1DFB2D5600704F47 /* Single-chip-coming.gif */,
				8E0C6FEF1DFB2D5600704F47 /* Single-chip-going.gif */,
				8E0C6FF01DFB2D5600704F47 /* Single-coin-coming.gif */,
				8E0C6FF11DFB2D5600704F47 /* single-coin-going.gif */,
				8E24D2691E00C9660053C295 /* Test_Coin1.gif */,
				8E24D26B1E00CCC30053C295 /* Test_Coin2.gif */,
				8E0C6FF61DFB2F6D00704F47 /* Giff.gif */,
				8E2D2F231DFF810A007B4E25 /* test.gif */,
				8E24D25F1E00B85A0053C295 /* Test-10.gif */,
				8E24D2611E00BA3B0053C295 /* Test-11.gif */,
				8E24D2631E00BC720053C295 /* Test-12.gif */,
				8E24D2651E00C0ED0053C295 /* Test-13.gif */,
				8E24D2671E00C6CB0053C295 /* Test-14.gif */,
				8E24D2711E00E0680053C295 /* Test-17.gif */,
				8E24D2731E00E9720053C295 /* Test-18.gif */,
			);
			name = Images;
			sourceTree = "<group>";
		};
/* End PBXGroup section */

/* Begin PBXNativeTarget section */
		8E97C2D31DE38ECC0024B926 /* AnimationSwift */ = {
			isa = PBXNativeTarget;
			buildConfigurationList = 8E97C2E61DE38ECC0024B926 /* Build configuration list for PBXNativeTarget "AnimationSwift" */;
			buildPhases = (
				8E97C2D01DE38ECC0024B926 /* Sources */,
				8E97C2D11DE38ECC0024B926 /* Frameworks */,
				8E97C2D21DE38ECC0024B926 /* Resources */,
			);
			buildRules = (
			);
			dependencies = (
			);
			name = AnimationSwift;
			productName = AnimationSwift;
			productReference = 8E97C2D41DE38ECC0024B926 /* AnimationSwift.app */;
			productType = "com.apple.product-type.application";
		};
/* End PBXNativeTarget section */

/* Begin PBXProject section */
		8E97C2CC1DE38ECC0024B926 /* Project object */ = {
			isa = PBXProject;
			attributes = {
				LastSwiftUpdateCheck = 0810;
				LastUpgradeCheck = 0810;
				ORGANIZATIONNAME = nisum;
				TargetAttributes = {
					8E97C2D31DE38ECC0024B926 = {
						CreatedOnToolsVersion = 8.1;
						ProvisioningStyle = Automatic;
					};
				};
			};
			buildConfigurationList = 8E97C2CF1DE38ECC0024B926 /* Build configuration list for PBXProject "AnimationSwift" */;
			compatibilityVersion = "Xcode 3.2";
			developmentRegion = English;
			hasScannedForEncodings = 0;
			knownRegions = (
				en,
				Base,
			);
			mainGroup = 8E97C2CB1DE38ECC0024B926;
			productRefGroup = 8E97C2D51DE38ECC0024B926 /* Products */;
			projectDirPath = "";
			projectRoot = "";
			targets = (
				8E97C2D31DE38ECC0024B926 /* AnimationSwift */,
			);
		};
/* End PBXProject section */

/* Begin PBXResourcesBuildPhase section */
		8E97C2D21DE38ECC0024B926 /* Resources */ = {
			isa = PBXResourcesBuildPhase;
			buildActionMask = 2147483647;
			files = (
				8E146C821E031B7C0074DF46 /* test-19.gif in Resources */,
				8E24D26E1E00D9C80053C295 /* Box.png in Resources */,
				8E0C6FF21DFB2D5600704F47 /* Single-chip-coming.gif in Resources */,
				8EC8B1651DE51A8300CC2E33 /* person.png in Resources */,
				8E146C831E031B7C0074DF46 /* Test-20.gif in Resources */,
				8E24D2701E00DC8D0053C295 /* Box-1.png in Resources */,
				8E4AB4A91E15CA0000452393 /* Test-1.gif in Resources */,
				8EC8B1671DE5308D00CC2E33 /* person_Deselect.png in Resources */,
				8E0C6FEC1DFB2C4B00704F47 /* funny.gif in Resources */,
				8E24D2721E00E0680053C295 /* Test-17.gif in Resources */,
				8E2D2F241DFF810A007B4E25 /* test.gif in Resources */,
				8E24D2621E00BA3B0053C295 /* Test-11.gif in Resources */,
				8E0C6FF71DFB2F6D00704F47 /* Giff.gif in Resources */,
				8EFEFD031E087C12002EF391 /* music.mp3 in Resources */,
				8E24D2681E00C6CB0053C295 /* Test-14.gif in Resources */,
				8E24D2661E00C0ED0053C295 /* Test-13.gif in Resources */,
				8E0C6FF51DFB2D5600704F47 /* single-coin-going.gif in Resources */,
				8E24D2741E00E9720053C295 /* Test-18.gif in Resources */,
				8E97C2DF1DE38ECC0024B926 /* Assets.xcassets in Resources */,
				8EFEFCFF1E08793A002EF391 /* drum01.mp3 in Resources */,
				8E24D26A1E00C9660053C295 /* Test_Coin1.gif in Resources */,
				8E0C6FF31DFB2D5600704F47 /* Single-chip-going.gif in Resources */,
				8E2D2F261DFF8493007B4E25 /* testCoin.png in Resources */,
				8E0C6FED1DFB2C4B00704F47 /* play.gif in Resources */,
				8E0C6FF41DFB2D5600704F47 /* Single-coin-coming.gif in Resources */,
				8E24D26C1E00CCC30053C295 /* Test_Coin2.gif in Resources */,
				8E24D2601E00B85A0053C295 /* Test-10.gif in Resources */,
				8E97C2DD1DE38ECC0024B926 /* Main.storyboard in Resources */,
				8E24D2641E00BC720053C295 /* Test-12.gif in Resources */,
			);
			runOnlyForDeploymentPostprocessing = 0;
		};
/* End PBXResourcesBuildPhase section */

/* Begin PBXSourcesBuildPhase section */
		8E97C2D01DE38ECC0024B926 /* Sources */ = {
			isa = PBXSourcesBuildPhase;
			buildActionMask = 2147483647;
			files = (
				8E97C2DA1DE38ECC0024B926 /* ViewController.swift in Sources */,
				8E0C6FE91DFB2BBF00704F47 /* iOSDevCenters+GIF.swift in Sources */,
				8E97C2D81DE38ECC0024B926 /* AppDelegate.swift in Sources */,
			);
			runOnlyForDeploymentPostprocessing = 0;
		};
/* End PBXSourcesBuildPhase section */

/* Begin PBXVariantGroup section */
		8E97C2DB1DE38ECC0024B926 /* Main.storyboard */ = {
			isa = PBXVariantGroup;
			children = (
				8E97C2DC1DE38ECC0024B926 /* Base */,
			);
			name = Main.storyboard;
			sourceTree = "<group>";
		};
/* End PBXVariantGroup section */

/* Begin XCBuildConfiguration section */
		8E97C2E41DE38ECC0024B926 /* Debug */ = {
			isa = XCBuildConfiguration;
			buildSettings = {
				ALWAYS_SEARCH_USER_PATHS = NO;
				CLANG_ANALYZER_NONNULL = YES;
				CLANG_CXX_LANGUAGE_STANDARD = "gnu++0x";
				CLANG_CXX_LIBRARY = "libc++";
				CLANG_ENABLE_MODULES = YES;
				CLANG_ENABLE_OBJC_ARC = YES;
				CLANG_WARN_BOOL_CONVERSION = YES;
				CLANG_WARN_CONSTANT_CONVERSION = YES;
				CLANG_WARN_DIRECT_OBJC_ISA_USAGE = YES_ERROR;
				CLANG_WARN_DOCUMENTATION_COMMENTS = YES;
				CLANG_WARN_EMPTY_BODY = YES;
				CLANG_WARN_ENUM_CONVERSION = YES;
				CLANG_WARN_INFINITE_RECURSION = YES;
				CLANG_WARN_INT_CONVERSION = YES;
				CLANG_WARN_OBJC_ROOT_CLASS = YES_ERROR;
				CLANG_WARN_SUSPICIOUS_MOVES = YES;
				CLANG_WARN_UNREACHABLE_CODE = YES;
				CLANG_WARN__DUPLICATE_METHOD_MATCH = YES;
				"CODE_SIGN_IDENTITY[sdk=iphoneos*]" = "iPhone Developer";
				COPY_PHASE_STRIP = NO;
				DEBUG_INFORMATION_FORMAT = dwarf;
				ENABLE_STRICT_OBJC_MSGSEND = YES;
				ENABLE_TESTABILITY = YES;
				GCC_C_LANGUAGE_STANDARD = gnu99;
				GCC_DYNAMIC_NO_PIC = NO;
				GCC_NO_COMMON_BLOCKS = YES;
				GCC_OPTIMIZATION_LEVEL = 0;
				GCC_PREPROCESSOR_DEFINITIONS = (
					"DEBUG=1",
					"$(inherited)",
				);
				GCC_WARN_64_TO_32_BIT_CONVERSION = YES;
				GCC_WARN_ABOUT_RETURN_TYPE = YES_ERROR;
				GCC_WARN_UNDECLARED_SELECTOR = YES;
				GCC_WARN_UNINITIALIZED_AUTOS = YES_AGGRESSIVE;
				GCC_WARN_UNUSED_FUNCTION = YES;
				GCC_WARN_UNUSED_VARIABLE = YES;
				IPHONEOS_DEPLOYMENT_TARGET = 10.1;
				MTL_ENABLE_DEBUG_INFO = YES;
				ONLY_ACTIVE_ARCH = YES;
				SDKROOT = iphoneos;
				SWIFT_ACTIVE_COMPILATION_CONDITIONS = DEBUG;
				SWIFT_OPTIMIZATION_LEVEL = "-Onone";
			};
			name = Debug;
		};
		8E97C2E51DE38ECC0024B926 /* Release */ = {
			isa = XCBuildConfiguration;
			buildSettings = {
				ALWAYS_SEARCH_USER_PATHS = NO;
				CLANG_ANALYZER_NONNULL = YES;
				CLANG_CXX_LANGUAGE_STANDARD = "gnu++0x";
				CLANG_CXX_LIBRARY = "libc++";
				CLANG_ENABLE_MODULES = YES;
				CLANG_ENABLE_OBJC_ARC = YES;
				CLANG_WARN_BOOL_CONVERSION = YES;
				CLANG_WARN_CONSTANT_CONVERSION = YES;
				CLANG_WARN_DIRECT_OBJC_ISA_USAGE = YES_ERROR;
				CLANG_WARN_DOCUMENTATION_COMMENTS = YES;
				CLANG_WARN_EMPTY_BODY = YES;
				CLANG_WARN_ENUM_CONVERSION = YES;
				CLANG_WARN_INFINITE_RECURSION = YES;
				CLANG_WARN_INT_CONVERSION = YES;
				CLANG_WARN_OBJC_ROOT_CLASS = YES_ERROR;
				CLANG_WARN_SUSPICIOUS_MOVES = YES;
				CLANG_WARN_UNREACHABLE_CODE = YES;
				CLANG_WARN__DUPLICATE_METHOD_MATCH = YES;
				"CODE_SIGN_IDENTITY[sdk=iphoneos*]" = "iPhone Developer";
				COPY_PHASE_STRIP = NO;
				DEBUG_INFORMATION_FORMAT = "dwarf-with-dsym";
				ENABLE_NS_ASSERTIONS = NO;
				ENABLE_STRICT_OBJC_MSGSEND = YES;
				GCC_C_LANGUAGE_STANDARD = gnu99;
				GCC_NO_COMMON_BLOCKS = YES;
				GCC_WARN_64_TO_32_BIT_CONVERSION = YES;
				GCC_WARN_ABOUT_RETURN_TYPE = YES_ERROR;
				GCC_WARN_UNDECLARED_SELECTOR = YES;
				GCC_WARN_UNINITIALIZED_AUTOS = YES_AGGRESSIVE;
				GCC_WARN_UNUSED_FUNCTION = YES;
				GCC_WARN_UNUSED_VARIABLE = YES;
				IPHONEOS_DEPLOYMENT_TARGET = 10.1;
				MTL_ENABLE_DEBUG_INFO = NO;
				SDKROOT = iphoneos;
				SWIFT_OPTIMIZATION_LEVEL = "-Owholemodule";
				VALIDATE_PRODUCT = YES;
			};
			name = Release;
		};
		8E97C2E71DE38ECC0024B926 /* Debug */ = {
			isa = XCBuildConfiguration;
			buildSettings = {
				ASSETCATALOG_COMPILER_APPICON_NAME = AppIcon;
				CODE_SIGN_IDENTITY = "iPhone Developer";
				INFOPLIST_FILE = AnimationSwift/Info.plist;
				IPHONEOS_DEPLOYMENT_TARGET = 9.0;
				LD_RUNPATH_SEARCH_PATHS = "$(inherited) @executable_path/Frameworks";
				PRODUCT_BUNDLE_IDENTIFIER = com.animation.test.AnimationSwift;
				PRODUCT_NAME = "$(TARGET_NAME)";
				SWIFT_VERSION = 3.0;
			};
			name = Debug;
		};
		8E97C2E81DE38ECC0024B926 /* Release */ = {
			isa = XCBuildConfiguration;
			buildSettings = {
				ASSETCATALOG_COMPILER_APPICON_NAME = AppIcon;
				CODE_SIGN_IDENTITY = "iPhone Developer";
				INFOPLIST_FILE = AnimationSwift/Info.plist;
				IPHONEOS_DEPLOYMENT_TARGET = 9.0;
				LD_RUNPATH_SEARCH_PATHS = "$(inherited) @executable_path/Frameworks";
				PRODUCT_BUNDLE_IDENTIFIER = com.animation.test.AnimationSwift;
				PRODUCT_NAME = "$(TARGET_NAME)";
				SWIFT_VERSION = 3.0;
			};
			name = Release;
		};
/* End XCBuildConfiguration section */

/* Begin XCConfigurationList section */
		8E97C2CF1DE38ECC0024B926 /* Build configuration list for PBXProject "AnimationSwift" */ = {
			isa = XCConfigurationList;
			buildConfigurations = (
				8E97C2E41DE38ECC0024B926 /* Debug */,
				8E97C2E51DE38ECC0024B926 /* Release */,
			);
			defaultConfigurationIsVisible = 0;
			defaultConfigurationName = Release;
		};
		8E97C2E61DE38ECC0024B926 /* Build configuration list for PBXNativeTarget "AnimationSwift" */ = {
			isa = XCConfigurationList;
			buildConfigurations = (
				8E97C2E71DE38ECC0024B926 /* Debug */,
				8E97C2E81DE38ECC0024B926 /* Release */,
			);
			defaultConfigurationIsVisible = 0;
			defaultConfigurationName = Release;
		};
/* End XCConfigurationList section */
	};
	rootObject = 8E97C2CC1DE38ECC0024B926 /* Project object */;
}
